// !$*UTF8*$!
{
	archiveVersion = 1;
	classes = {
	};
	objectVersion = 48;
	objects = {

/* Begin PBXBuildFile section */
		2716F5CE200E4A0000A8B330 /* AppDelegate.swift in Sources */ = {isa = PBXBuildFile; fileRef = 2716F5CD200E4A0000A8B330 /* AppDelegate.swift */; };
		2716F5D0200E4A0000A8B330 /* ViewController.swift in Sources */ = {isa = PBXBuildFile; fileRef = 2716F5CF200E4A0000A8B330 /* ViewController.swift */; };
		2716F5D3200E4A0000A8B330 /* Main.storyboard in Resources */ = {isa = PBXBuildFile; fileRef = 2716F5D1200E4A0000A8B330 /* Main.storyboard */; };
		2716F5D5200E4A0000A8B330 /* Assets.xcassets in Resources */ = {isa = PBXBuildFile; fileRef = 2716F5D4200E4A0000A8B330 /* Assets.xcassets */; };
		2716F5D8200E4A0000A8B330 /* LaunchScreen.storyboard in Resources */ = {isa = PBXBuildFile; fileRef = 2716F5D6200E4A0000A8B330 /* LaunchScreen.storyboard */; };
		2716F5E0200E4C7000A8B330 /* SwiftyJSON.framework in Frameworks */ = {isa = PBXBuildFile; fileRef = 2716F5DF200E4C7000A8B330 /* SwiftyJSON.framework */; };
		2716F5E1200E4C7000A8B330 /* SwiftyJSON.framework in Embed Frameworks */ = {isa = PBXBuildFile; fileRef = 2716F5DF200E4C7000A8B330 /* SwiftyJSON.framework */; settings = {ATTRIBUTES = (CodeSignOnCopy, RemoveHeadersOnCopy, ); }; };
		2716F5E4200E4C8300A8B330 /* Alamofire.framework in Frameworks */ = {isa = PBXBuildFile; fileRef = 2716F5E3200E4C8200A8B330 /* Alamofire.framework */; };
		2716F5E5200E4C8300A8B330 /* Alamofire.framework in Embed Frameworks */ = {isa = PBXBuildFile; fileRef = 2716F5E3200E4C8200A8B330 /* Alamofire.framework */; settings = {ATTRIBUTES = (CodeSignOnCopy, RemoveHeadersOnCopy, ); }; };
/* End PBXBuildFile section */

/* Begin PBXCopyFilesBuildPhase section */
		2716F5E2200E4C7000A8B330 /* Embed Frameworks */ = {
			isa = PBXCopyFilesBuildPhase;
			buildActionMask = 2147483647;
			dstPath = "";
			dstSubfolderSpec = 10;
			files = (
				2716F5E1200E4C7000A8B330 /* SwiftyJSON.framework in Embed Frameworks */,
				2716F5E5200E4C8300A8B330 /* Alamofire.framework in Embed Frameworks */,
			);
			name = "Embed Frameworks";
			runOnlyForDeploymentPostprocessing = 0;
		};
/* End PBXCopyFilesBuildPhase section */

/* Begin PBXFileReference section */
		2716F5CA200E4A0000A8B330 /* testApi.app */ = {isa = PBXFileReference; explicitFileType = wrapper.application; includeInIndex = 0; path = testApi.app; sourceTree = BUILT_PRODUCTS_DIR; };
		2716F5CD200E4A0000A8B330 /* AppDelegate.swift */ = {isa = PBXFileReference; lastKnownFileType = sourcecode.swift; path = AppDelegate.swift; sourceTree = "<group>"; };
		2716F5CF200E4A0000A8B330 /* ViewController.swift */ = {isa = PBXFileReference; lastKnownFileType = sourcecode.swift; path = ViewController.swift; sourceTree = "<group>"; };
		2716F5D2200E4A0000A8B330 /* Base */ = {isa = PBXFileReference; lastKnownFileType = file.storyboard; name = Base; path = Base.lproj/Main.storyboard; sourceTree = "<group>"; };
		2716F5D4200E4A0000A8B330 /* Assets.xcassets */ = {isa = PBXFileReference; lastKnownFileType = folder.assetcatalog; path = Assets.xcassets; sourceTree = "<group>"; };
		2716F5D7200E4A0000A8B330 /* Base */ = {isa = PBXFileReference; lastKnownFileType = file.storyboard; name = Base; path = Base.lproj/LaunchScreen.storyboard; sourceTree = "<group>"; };
		2716F5D9200E4A0000A8B330 /* Info.plist */ = {isa = PBXFileReference; lastKnownFileType = text.plist.xml; path = Info.plist; sourceTree = "<group>"; };
		2716F5DF200E4C7000A8B330 /* SwiftyJSON.framework */ = {isa = PBXFileReference; lastKnownFileType = wrapper.framework; name = SwiftyJSON.framework; path = Carthage/Build/iOS/SwiftyJSON.framework; sourceTree = "<group>"; };
		2716F5E3200E4C8200A8B330 /* Alamofire.framework */ = {isa = PBXFileReference; lastKnownFileType = wrapper.framework; name = Alamofire.framework; path = Carthage/Build/iOS/Alamofire.framework; sourceTree = "<group>"; };
/* End PBXFileReference section */

/* Begin PBXFrameworksBuildPhase section */
		2716F5C7200E4A0000A8B330 /* Frameworks */ = {
			isa = PBXFrameworksBuildPhase;
			buildActionMask = 2147483647;
			files = (
				2716F5E0200E4C7000A8B330 /* SwiftyJSON.framework in Frameworks */,
				2716F5E4200E4C8300A8B330 /* Alamofire.framework in Frameworks */,
			);
			runOnlyForDeploymentPostprocessing = 0;
		};
/* End PBXFrameworksBuildPhase section */

/* Begin PBXGroup section */
		2716F5C1200E49FF00A8B330 = {
			isa = PBXGroup;
			children = (
				2716F5E3200E4C8200A8B330 /* Alamofire.framework */,
				2716F5DF200E4C7000A8B330 /* SwiftyJSON.framework */,
				2716F5CC200E4A0000A8B330 /* testApi */,
				2716F5CB200E4A0000A8B330 /* Products */,
			);
			sourceTree = "<group>";
		};
		2716F5CB200E4A0000A8B330 /* Products */ = {
			isa = PBXGroup;
			children = (
				2716F5CA200E4A0000A8B330 /* testApi.app */,
			);
			name = Products;
			sourceTree = "<group>";
		};
		2716F5CC200E4A0000A8B330 /* testApi */ = {
			isa = PBXGroup;
			children = (
				2716F5CD200E4A0000A8B330 /* AppDelegate.swift */,
				2716F5CF200E4A0000A8B330 /* ViewController.swift */,
				2716F5D1200E4A0000A8B330 /* Main.storyboard */,
				2716F5D4200E4A0000A8B330 /* Assets.xcassets */,
				2716F5D6200E4A0000A8B330 /* LaunchScreen.storyboard */,
				2716F5D9200E4A0000A8B330 /* Info.plist */,
			);
			path = testApi;
			sourceTree = "<group>";
		};
/* End PBXGroup section */

/* Begin PBXNativeTarget section */
		2716F5C9200E4A0000A8B330 /* testApi */ = {
			isa = PBXNativeTarget;
			buildConfigurationList = 2716F5DC200E4A0000A8B330 /* Build configuration list for PBXNativeTarget "testApi" */;
			buildPhases = (
				2716F5C6200E4A0000A8B330 /* Sources */,
				2716F5C7200E4A0000A8B330 /* Frameworks */,
				2716F5C8200E4A0000A8B330 /* Resources */,
				2716F5E2200E4C7000A8B330 /* Embed Frameworks */,
				2716F5E6200E4C9900A8B330 /* ShellScript */,
			);
			buildRules = (
			);
			dependencies = (
			);
			name = testApi;
			productName = testApi;
			productReference = 2716F5CA200E4A0000A8B330 /* testApi.app */;
			productType = "com.apple.product-type.application";
		};
/* End PBXNativeTarget section */

/* Begin PBXProject section */
		2716F5C2200E49FF00A8B330 /* Project object */ = {
			isa = PBXProject;
			attributes = {
				LastSwiftUpdateCheck = 0920;
				LastUpgradeCheck = 0920;
				ORGANIZATIONNAME = "川北紘正";
				TargetAttributes = {
					2716F5C9200E4A0000A8B330 = {
						CreatedOnToolsVersion = 9.2;
						ProvisioningStyle = Automatic;
					};
				};
			};
			buildConfigurationList = 2716F5C5200E49FF00A8B330 /* Build configuration list for PBXProject "testApi" */;
			compatibilityVersion = "Xcode 8.0";
			developmentRegion = en;
			hasScannedForEncodings = 0;
			knownRegions = (
				en,
				Base,
			);
			mainGroup = 2716F5C1200E49FF00A8B330;
			productRefGroup = 2716F5CB200E4A0000A8B330 /* Products */;
			projectDirPath = "";
			projectRoot = "";
			targets = (
				2716F5C9200E4A0000A8B330 /* testApi */,
			);
		};
/* End PBXProject section */

/* Begin PBXResourcesBuildPhase section */
		2716F5C8200E4A0000A8B330 /* Resources */ = {
			isa = PBXResourcesBuildPhase;
			buildActionMask = 2147483647;
			files = (
				2716F5D8200E4A0000A8B330 /* LaunchScreen.storyboard in Resources */,
				2716F5D5200E4A0000A8B330 /* Assets.xcassets in Resources */,
				2716F5D3200E4A0000A8B330 /* Main.storyboard in Resources */,
			);
			runOnlyForDeploymentPostprocessing = 0;
		};
/* End PBXResourcesBuildPhase section */

/* Begin PBXShellScriptBuildPhase section */
		2716F5E6200E4C9900A8B330 /* ShellScript */ = {
			isa = PBXShellScriptBuildPhase;
			buildActionMask = 8;
			files = (
			);
			inputPaths = (
				"$(SRCROOT)/Carthage/Build/iOS/Alamofire.framework",
				"$(SRCROOT)/Carthage/Build/iOS/SwiftyJSON.framework",
			);
			outputPaths = (
			);
			runOnlyForDeploymentPostprocessing = 1;
			shellPath = /bin/sh;
			shellScript = "/usr/local/bin/carthage copy-frameworks";
		};
/* End PBXShellScriptBuildPhase section */

/* Begin PBXSourcesBuildPhase section */
		2716F5C6200E4A0000A8B330 /* Sources */ = {
			isa = PBXSourcesBuildPhase;
			buildActionMask = 2147483647;
			files = (
				2716F5D0200E4A0000A8B330 /* ViewController.swift in Sources */,
				2716F5CE200E4A0000A8B330 /* AppDelegate.swift in Sources */,
			);
			runOnlyForDeploymentPostprocessing = 0;
		};
/* End PBXSourcesBuildPhase section */

/* Begin PBXVariantGroup section */
		2716F5D1200E4A0000A8B330 /* Main.storyboard */ = {
			isa = PBXVariantGroup;
			children = (
				2716F5D2200E4A0000A8B330 /* Base */,
			);
			name = Main.storyboard;
			sourceTree = "<group>";
		};
		2716F5D6200E4A0000A8B330 /* LaunchScreen.storyboard */ = {
			isa = PBXVariantGroup;
			children = (
				2716F5D7200E4A0000A8B330 /* Base */,
			);
			name = LaunchScreen.storyboard;
			sourceTree = "<group>";
		};
/* End PBXVariantGroup section */

/* Begin XCBuildConfiguration section */
		2716F5DA200E4A0000A8B330 /* Debug */ = {
			isa = XCBuildConfiguration;
			buildSettings = {
				ALWAYS_SEARCH_USER_PATHS = NO;
				CLANG_ANALYZER_NONNULL = YES;
				CLANG_ANALYZER_NUMBER_OBJECT_CONVERSION = YES_AGGRESSIVE;
				CLANG_CXX_LANGUAGE_STANDARD = "gnu++14";
				CLANG_CXX_LIBRARY = "libc++";
				CLANG_ENABLE_MODULES = YES;
				CLANG_ENABLE_OBJC_ARC = YES;
				CLANG_WARN_BLOCK_CAPTURE_AUTORELEASING = YES;
				CLANG_WARN_BOOL_CONVERSION = YES;
				CLANG_WARN_COMMA = YES;
				CLANG_WARN_CONSTANT_CONVERSION = YES;
				CLANG_WARN_DIRECT_OBJC_ISA_USAGE = YES_ERROR;
				CLANG_WARN_DOCUMENTATION_COMMENTS = YES;
				CLANG_WARN_EMPTY_BODY = YES;
				CLANG_WARN_ENUM_CONVERSION = YES;
				CLANG_WARN_INFINITE_RECURSION = YES;
				CLANG_WARN_INT_CONVERSION = YES;
				CLANG_WARN_NON_LITERAL_NULL_CONVERSION = YES;
				CLANG_WARN_OBJC_LITERAL_CONVERSION = YES;
				CLANG_WARN_OBJC_ROOT_CLASS = YES_ERROR;
				CLANG_WARN_RANGE_LOOP_ANALYSIS = YES;
				CLANG_WARN_STRICT_PROTOTYPES = YES;
				CLANG_WARN_SUSPICIOUS_MOVE = YES;
				CLANG_WARN_UNGUARDED_AVAILABILITY = YES_AGGRESSIVE;
				CLANG_WARN_UNREACHABLE_CODE = YES;
				CLANG_WARN__DUPLICATE_METHOD_MATCH = YES;
				CODE_SIGN_IDENTITY = "iPhone Developer";
				COPY_PHASE_STRIP = NO;
				DEBUG_INFORMATION_FORMAT = dwarf;
				ENABLE_STRICT_OBJC_MSGSEND = YES;
				ENABLE_TESTABILITY = YES;
				GCC_C_LANGUAGE_STANDARD = gnu11;
				GCC_DYNAMIC_NO_PIC = NO;
				GCC_NO_COMMON_BLOCKS = YES;
				GCC_OPTIMIZATION_LEVEL = 0;
				GCC_PREPROCESSOR_DEFINITIONS = (
					"DEBUG=1",
					"$(inherited)",
				);
				GCC_WARN_64_TO_32_BIT_CONVERSION = YES;
				GCC_WARN_ABOUT_RETURN_TYPE = YES_ERROR;
				GCC_WARN_UNDECLARED_SELECTOR = YES;
				GCC_WARN_UNINITIALIZED_AUTOS = YES_AGGRESSIVE;
				GCC_WARN_UNUSED_FUNCTION = YES;
				GCC_WARN_UNUSED_VARIABLE = YES;
				IPHONEOS_DEPLOYMENT_TARGET = 11.2;
				MTL_ENABLE_DEBUG_INFO = YES;
				ONLY_ACTIVE_ARCH = YES;
				SDKROOT = iphoneos;
				SWIFT_ACTIVE_COMPILATION_CONDITIONS = DEBUG;
				SWIFT_OPTIMIZATION_LEVEL = "-Onone";
			};
			name = Debug;
		};
		2716F5DB200E4A0000A8B330 /* Release */ = {
			isa = XCBuildConfiguration;
			buildSettings = {
				ALWAYS_SEARCH_USER_PATHS = NO;
				CLANG_ANALYZER_NONNULL = YES;
				CLANG_ANALYZER_NUMBER_OBJECT_CONVERSION = YES_AGGRESSIVE;
				CLANG_CXX_LANGUAGE_STANDARD = "gnu++14";
				CLANG_CXX_LIBRARY = "libc++";
				CLANG_ENABLE_MODULES = YES;
				CLANG_ENABLE_OBJC_ARC = YES;
				CLANG_WARN_BLOCK_CAPTURE_AUTORELEASING = YES;
				CLANG_WARN_BOOL_CONVERSION = YES;
				CLANG_WARN_COMMA = YES;
				CLANG_WARN_CONSTANT_CONVERSION = YES;
				CLANG_WARN_DIRECT_OBJC_ISA_USAGE = YES_ERROR;
				CLANG_WARN_DOCUMENTATION_COMMENTS = YES;
				CLANG_WARN_EMPTY_BODY = YES;
				CLANG_WARN_ENUM_CONVERSION = YES;
				CLANG_WARN_INFINITE_RECURSION = YES;
				CLANG_WARN_INT_CONVERSION = YES;
				CLANG_WARN_NON_LITERAL_NULL_CONVERSION = YES;
				CLANG_WARN_OBJC_LITERAL_CONVERSION = YES;
				CLANG_WARN_OBJC_ROOT_CLASS = YES_ERROR;
				CLANG_WARN_RANGE_LOOP_ANALYSIS = YES;
				CLANG_WARN_STRICT_PROTOTYPES = YES;
				CLANG_WARN_SUSPICIOUS_MOVE = YES;
				CLANG_WARN_UNGUARDED_AVAILABILITY = YES_AGGRESSIVE;
				CLANG_WARN_UNREACHABLE_CODE = YES;
				CLANG_WARN__DUPLICATE_METHOD_MATCH = YES;
				CODE_SIGN_IDENTITY = "iPhone Developer";
				COPY_PHASE_STRIP = NO;
				DEBUG_INFORMATION_FORMAT = "dwarf-with-dsym";
				ENABLE_NS_ASSERTIONS = NO;
				ENABLE_STRICT_OBJC_MSGSEND = YES;
				GCC_C_LANGUAGE_STANDARD = gnu11;
				GCC_NO_COMMON_BLOCKS = YES;
				GCC_WARN_64_TO_32_BIT_CONVERSION = YES;
				GCC_WARN_ABOUT_RETURN_TYPE = YES_ERROR;
				GCC_WARN_UNDECLARED_SELECTOR = YES;
				GCC_WARN_UNINITIALIZED_AUTOS = YES_AGGRESSIVE;
				GCC_WARN_UNUSED_FUNCTION = YES;
				GCC_WARN_UNUSED_VARIABLE = YES;
				IPHONEOS_DEPLOYMENT_TARGET = 11.2;
				MTL_ENABLE_DEBUG_INFO = NO;
				SDKROOT = iphoneos;
				SWIFT_OPTIMIZATION_LEVEL = "-Owholemodule";
				VALIDATE_PRODUCT = YES;
			};
			name = Release;
		};
		2716F5DD200E4A0000A8B330 /* Debug */ = {
			isa = XCBuildConfiguration;
			buildSettings = {
				ASSETCATALOG_COMPILER_APPICON_NAME = AppIcon;
				CODE_SIGN_STYLE = Automatic;
				DEVELOPMENT_TEAM = A3H5N8VPZK;
				FRAMEWORK_SEARCH_PATHS = (
					"$(inherited)",
					"$(PROJECT_DIR)/Carthage/Build/iOS",
				);
				INFOPLIST_FILE = testApi/Info.plist;
				LD_RUNPATH_SEARCH_PATHS = "$(inherited) @executable_path/Frameworks";
				PRODUCT_BUNDLE_IDENTIFIER = com.test.testApi;
				PRODUCT_NAME = "$(TARGET_NAME)";
				SWIFT_VERSION = 4.0;
				TARGETED_DEVICE_FAMILY = "1,2";
			};
			name = Debug;
		};
		2716F5DE200E4A0000A8B330 /* Release */ = {
			isa = XCBuildConfiguration;
			buildSettings = {
				ASSETCATALOG_COMPILER_APPICON_NAME = AppIcon;
				CODE_SIGN_STYLE = Automatic;
				DEVELOPMENT_TEAM = A3H5N8VPZK;
				FRAMEWORK_SEARCH_PATHS = (
					"$(inherited)",
					"$(PROJECT_DIR)/Carthage/Build/iOS",
				);
				INFOPLIST_FILE = testApi/Info.plist;
				LD_RUNPATH_SEARCH_PATHS = "$(inherited) @executable_path/Frameworks";
				PRODUCT_BUNDLE_IDENTIFIER = com.test.testApi;
				PRODUCT_NAME = "$(TARGET_NAME)";
				SWIFT_VERSION = 4.0;
				TARGETED_DEVICE_FAMILY = "1,2";
			};
			name = Release;
		};
/* End XCBuildConfiguration section */

/* Begin XCConfigurationList section */
		2716F5C5200E49FF00A8B330 /* Build configuration list for PBXProject "testApi" */ = {
			isa = XCConfigurationList;
			buildConfigurations = (
				2716F5DA200E4A0000A8B330 /* Debug */,
				2716F5DB200E4A0000A8B330 /* Release */,
			);
			defaultConfigurationIsVisible = 0;
			defaultConfigurationName = Release;
		};
		2716F5DC200E4A0000A8B330 /* Build configuration list for PBXNativeTarget "testApi" */ = {
			isa = XCConfigurationList;
			buildConfigurations = (
				2716F5DD200E4A0000A8B330 /* Debug */,
				2716F5DE200E4A0000A8B330 /* Release */,
			);
			defaultConfigurationIsVisible = 0;
			defaultConfigurationName = Release;
		};
/* End XCConfigurationList section */
	};
	rootObject = 2716F5C2200E49FF00A8B330 /* Project object */;
}
